
Microsoft Visual Studio Solution File, Format Version 12.00
# Visual Studio Version 17
VisualStudioVersion = 17.0.31903.59
MinimumVisualStudioVersion = 10.0.40219.1
Project("{FAE04EC0-301F-11D3-BF4B-00C04F79EFBC}") = "WithoutDDD", "WithoutDDD\DDDConcepts.csproj", "{4C11580A-3E24-4D80-B770-495EAD923CDA}"
EndProject
Project("{FAE04EC0-301F-11D3-BF4B-00C04F79EFBC}") = "Catalog", "Catalog\Catalog.csproj", "{2E2CEA76-539F-438D-BCD9-DC5A9F437D86}"
EndProject
Project("{FAE04EC0-301F-11D3-BF4B-00C04F79EFBC}") = "Pricing", "Pricing\Pricing.csproj", "{864EF946-0B56-4A7D-86ED-DB0D3411F6BD}"
EndProject
Project("{FAE04EC0-301F-11D3-BF4B-00C04F79EFBC}") = "Inventory", "Inventory\Inventory.csproj", "{0FB32908-EC33-45D2-AEEB-1BF345B58783}"
EndProject
Project("{FAE04EC0-301F-11D3-BF4B-00C04F79EFBC}") = "Reviews", "Reviews\Reviews.csproj", "{4DAAC57E-81F1-483D-A1DB-AD7877D8AF87}"
EndProject
Global
	GlobalSection(SolutionConfigurationPlatforms) = preSolution
		Debug|Any CPU = Debug|Any CPU
		Release|Any CPU = Release|Any CPU
	EndGlobalSection
	GlobalSection(SolutionProperties) = preSolution
		HideSolutionNode = FALSE
	EndGlobalSection
	GlobalSection(ProjectConfigurationPlatforms) = postSolution
		{4C11580A-3E24-4D80-B770-495EAD923CDA}.Debug|Any CPU.ActiveCfg = Debug|Any CPU
		{4C11580A-3E24-4D80-B770-495EAD923CDA}.Debug|Any CPU.Build.0 = Debug|Any CPU
		{4C11580A-3E24-4D80-B770-495EAD923CDA}.Release|Any CPU.ActiveCfg = Release|Any CPU
		{4C11580A-3E24-4D80-B770-495EAD923CDA}.Release|Any CPU.Build.0 = Release|Any CPU
		{2E2CEA76-539F-438D-BCD9-DC5A9F437D86}.Debug|Any CPU.ActiveCfg = Debug|Any CPU
		{2E2CEA76-539F-438D-BCD9-DC5A9F437D86}.Debug|Any CPU.Build.0 = Debug|Any CPU
		{2E2CEA76-539F-438D-BCD9-DC5A9F437D86}.Release|Any CPU.ActiveCfg = Release|Any CPU
		{2E2CEA76-539F-438D-BCD9-DC5A9F437D86}.Release|Any CPU.Build.0 = Release|Any CPU
		{864EF946-0B56-4A7D-86ED-DB0D3411F6BD}.Debug|Any CPU.ActiveCfg = Debug|Any CPU
		{864EF946-0B56-4A7D-86ED-DB0D3411F6BD}.Debug|Any CPU.Build.0 = Debug|Any CPU
		{864EF946-0B56-4A7D-86ED-DB0D3411F6BD}.Release|Any CPU.ActiveCfg = Release|Any CPU
		{864EF946-0B56-4A7D-86ED-DB0D3411F6BD}.Release|Any CPU.Build.0 = Release|Any CPU
		{0FB32908-EC33-45D2-AEEB-1BF345B58783}.Debug|Any CPU.ActiveCfg = Debug|Any CPU
		{0FB32908-EC33-45D2-AEEB-1BF345B58783}.Debug|Any CPU.Build.0 = Debug|Any CPU
		{0FB32908-EC33-45D2-AEEB-1BF345B58783}.Release|Any CPU.ActiveCfg = Release|Any CPU
		{0FB32908-EC33-45D2-AEEB-1BF345B58783}.Release|Any CPU.Build.0 = Release|Any CPU
		{4DAAC57E-81F1-483D-A1DB-AD7877D8AF87}.Debug|Any CPU.ActiveCfg = Debug|Any CPU
		{4DAAC57E-81F1-483D-A1DB-AD7877D8AF87}.Debug|Any CPU.Build.0 = Debug|Any CPU
		{4DAAC57E-81F1-483D-A1DB-AD7877D8AF87}.Release|Any CPU.ActiveCfg = Release|Any CPU
		{4DAAC57E-81F1-483D-A1DB-AD7877D8AF87}.Release|Any CPU.Build.0 = Release|Any CPU
	EndGlobalSection
EndGlobal
